
Microsoft Visual Studio Solution File, Format Version 12.00
# Visual Studio Version 17
VisualStudioVersion = 17.3.32901.215
MinimumVisualStudioVersion = 10.0.40219.1
Project("{FAE04EC0-301F-11D3-BF4B-00C04F79EFBC}") = "NumberGuess", "NumberGuess.csproj", "{5022AAE0-9081-4627-8D69-1D8F7ADDEF90}"
EndProject
Global
	GlobalSection(SolutionConfigurationPlatforms) = preSolution
		Debug|Any CPU = Debug|Any CPU
		Release|Any CPU = Release|Any CPU
	EndGlobalSection
	GlobalSection(ProjectConfigurationPlatforms) = postSolution
		{5022AAE0-9081-4627-8D69-1D8F7ADDEF90}.Debug|Any CPU.ActiveCfg = Debug|Any CPU
		{5022AAE0-9081-4627-8D69-1D8F7ADDEF90}.Debug|Any CPU.Build.0 = Debug|Any CPU
		{5022AAE0-9081-4627-8D69-1D8F7ADDEF90}.Release|Any CPU.ActiveCfg = Release|Any CPU
		{5022AAE0-9081-4627-8D69-1D8F7ADDEF90}.Release|Any CPU.Build.0 = Release|Any CPU
	EndGlobalSection
	GlobalSection(SolutionProperties) = preSolution
		HideSolutionNode = FALSE
	EndGlobalSection
	GlobalSection(ExtensibilityGlobals) = postSolution
		SolutionGuid = {B9CEA0AC-E65D-4CFB-99A8-94E543A7990F}
	EndGlobalSection
EndGlobal
